// !$*UTF8*$!
{
	archiveVersion = 1;
	classes = {
	};
	objectVersion = 55;
	objects = {

/* Begin PBXBuildFile section */
		4A048DEE289503C300D89A5C /* Environment.swift in Sources */ = {isa = PBXBuildFile; fileRef = 4A048DED289503C300D89A5C /* Environment.swift */; };
		4A048DF02895057600D89A5C /* API.swift in Sources */ = {isa = PBXBuildFile; fileRef = 4A048DEF2895057600D89A5C /* API.swift */; };
		4A048DF2289506F000D89A5C /* BaseNetwork.swift in Sources */ = {isa = PBXBuildFile; fileRef = 4A048DF1289506F000D89A5C /* BaseNetwork.swift */; };
		4A048DF4289507E700D89A5C /* AppEnvironment.swift in Sources */ = {isa = PBXBuildFile; fileRef = 4A048DF3289507E700D89A5C /* AppEnvironment.swift */; };
		4A048DF628950C6000D89A5C /* ImbalDataResponse.swift in Sources */ = {isa = PBXBuildFile; fileRef = 4A048DF528950C6000D89A5C /* ImbalDataResponse.swift */; };
		4A048DF928950D9000D89A5C /* ImbalHasilEntity.swift in Sources */ = {isa = PBXBuildFile; fileRef = 4A048DF828950D9000D89A5C /* ImbalHasilEntity.swift */; };
		4A048DFB28950E3000D89A5C /* DetailImbalEntity.swift in Sources */ = {isa = PBXBuildFile; fileRef = 4A048DFA28950E3000D89A5C /* DetailImbalEntity.swift */; };
		4A048E01289512D200D89A5C /* ImbalDataSource.swift in Sources */ = {isa = PBXBuildFile; fileRef = 4A048E00289512D200D89A5C /* ImbalDataSource.swift */; };
		4A048E052895136100D89A5C /* ImbalRepositoryIMP.swift in Sources */ = {isa = PBXBuildFile; fileRef = 4A048E042895136000D89A5C /* ImbalRepositoryIMP.swift */; };
		4A048E0B289517AB00D89A5C /* EndPoints.swift in Sources */ = {isa = PBXBuildFile; fileRef = 4A048E0A289517AB00D89A5C /* EndPoints.swift */; };
		4A048E0E289519A100D89A5C /* ImbalDataTypeService.swift in Sources */ = {isa = PBXBuildFile; fileRef = 4A048E0D289519A100D89A5C /* ImbalDataTypeService.swift */; };
		4A048E1128951B3200D89A5C /* ImbalTypeUseCase.swift in Sources */ = {isa = PBXBuildFile; fileRef = 4A048E1028951B3200D89A5C /* ImbalTypeUseCase.swift */; };
		4A048E1328951B6D00D89A5C /* FetchImbalDataDetailUseCase.swift in Sources */ = {isa = PBXBuildFile; fileRef = 4A048E1228951B6D00D89A5C /* FetchImbalDataDetailUseCase.swift */; };
		4A048E1628951BFC00D89A5C /* ImbalDomainTypeRepository.swift in Sources */ = {isa = PBXBuildFile; fileRef = 4A048E1528951BFC00D89A5C /* ImbalDomainTypeRepository.swift */; };
		4A048E1A2895220E00D89A5C /* BaseViewController.swift in Sources */ = {isa = PBXBuildFile; fileRef = 4A048E192895220E00D89A5C /* BaseViewController.swift */; };
		4A048E1F2895492E00D89A5C /* ImbalChartResponse.swift in Sources */ = {isa = PBXBuildFile; fileRef = 4A048E1E2895492E00D89A5C /* ImbalChartResponse.swift */; };
		4A048E2228954A1400D89A5C /* ImbalChartDataEntity.swift in Sources */ = {isa = PBXBuildFile; fileRef = 4A048E2128954A1400D89A5C /* ImbalChartDataEntity.swift */; };
		4A048E2428954B0000D89A5C /* ChartDataEntity.swift in Sources */ = {isa = PBXBuildFile; fileRef = 4A048E2328954B0000D89A5C /* ChartDataEntity.swift */; };
		4A048E2628954B9C00D89A5C /* ChartsDataEntity.swift in Sources */ = {isa = PBXBuildFile; fileRef = 4A048E2528954B9C00D89A5C /* ChartsDataEntity.swift */; };
		4A048E2828954DC500D89A5C /* FetchImbalChartUseCase.swift in Sources */ = {isa = PBXBuildFile; fileRef = 4A048E2728954DC500D89A5C /* FetchImbalChartUseCase.swift */; };
		4A048E322895684400D89A5C /* PerbandinganViewController.swift in Sources */ = {isa = PBXBuildFile; fileRef = 4A048E312895684400D89A5C /* PerbandinganViewController.swift */; };
		4A048E382895687900D89A5C /* PerbandinganView.swift in Sources */ = {isa = PBXBuildFile; fileRef = 4A048E372895687900D89A5C /* PerbandinganView.swift */; };
		4A048E3B28956BB700D89A5C /* back.png in Resources */ = {isa = PBXBuildFile; fileRef = 4A048E3A28956BB700D89A5C /* back.png */; };
		4A048E3D28956EAB00D89A5C /* Constants.swift in Sources */ = {isa = PBXBuildFile; fileRef = 4A048E3C28956EAB00D89A5C /* Constants.swift */; };
		4ABC6FBD2893882C00B7F447 /* AppDelegate.swift in Sources */ = {isa = PBXBuildFile; fileRef = 4ABC6FBC2893882C00B7F447 /* AppDelegate.swift */; };
		4ABC6FC42893882C00B7F447 /* Main.storyboard in Resources */ = {isa = PBXBuildFile; fileRef = 4ABC6FC22893882C00B7F447 /* Main.storyboard */; };
		4ABC6FC62893882E00B7F447 /* Assets.xcassets in Resources */ = {isa = PBXBuildFile; fileRef = 4ABC6FC52893882E00B7F447 /* Assets.xcassets */; };
		4ABC6FC92893882E00B7F447 /* LaunchScreen.storyboard in Resources */ = {isa = PBXBuildFile; fileRef = 4ABC6FC72893882E00B7F447 /* LaunchScreen.storyboard */; };
		4ABC6FD42893882E00B7F447 /* TakeHomeTests.swift in Sources */ = {isa = PBXBuildFile; fileRef = 4ABC6FD32893882E00B7F447 /* TakeHomeTests.swift */; };
		4ABC6FDE2893882E00B7F447 /* TakeHomeUITests.swift in Sources */ = {isa = PBXBuildFile; fileRef = 4ABC6FDD2893882E00B7F447 /* TakeHomeUITests.swift */; };
		4ABC6FE02893882E00B7F447 /* TakeHomeUITestsLaunchTests.swift in Sources */ = {isa = PBXBuildFile; fileRef = 4ABC6FDF2893882E00B7F447 /* TakeHomeUITestsLaunchTests.swift */; };
		4ABC6FF22893904B00B7F447 /* UseCase.swift in Sources */ = {isa = PBXBuildFile; fileRef = 4ABC6FF12893904B00B7F447 /* UseCase.swift */; };
		4ABC6FF6289390B100B7F447 /* Response.swift in Sources */ = {isa = PBXBuildFile; fileRef = 4ABC6FF5289390B100B7F447 /* Response.swift */; };
		4ABC6FFB2893916200B7F447 /* ErrorResponse.swift in Sources */ = {isa = PBXBuildFile; fileRef = 4ABC6FFA2893916200B7F447 /* ErrorResponse.swift */; };
		4ABC6FFD289391BF00B7F447 /* BaseViewModel.swift in Sources */ = {isa = PBXBuildFile; fileRef = 4ABC6FFC289391BF00B7F447 /* BaseViewModel.swift */; };
		4ABC70002893951E00B7F447 /* UIView.swift in Sources */ = {isa = PBXBuildFile; fileRef = 4ABC6FFF2893951E00B7F447 /* UIView.swift */; };
		4ABC70042893956D00B7F447 /* Loader.swift in Sources */ = {isa = PBXBuildFile; fileRef = 4ABC70032893956D00B7F447 /* Loader.swift */; };
		4ABC7006289397A100B7F447 /* UIViewControllerExtension.swift in Sources */ = {isa = PBXBuildFile; fileRef = 4ABC7005289397A100B7F447 /* UIViewControllerExtension.swift */; };
		4ABC700A2893985D00B7F447 /* CodableExtension.swift in Sources */ = {isa = PBXBuildFile; fileRef = 4ABC70092893985D00B7F447 /* CodableExtension.swift */; };
		4ABC70142893DC5300B7F447 /* UIColor.swift in Sources */ = {isa = PBXBuildFile; fileRef = 4ABC70132893DC5300B7F447 /* UIColor.swift */; };
		4ABC701A2893E3B700B7F447 /* SceneDelegate.swift in Sources */ = {isa = PBXBuildFile; fileRef = 4ABC70192893E3B700B7F447 /* SceneDelegate.swift */; };
		4ADBD742289651B50029FA99 /* icons8-round-purple.png in Resources */ = {isa = PBXBuildFile; fileRef = 4ADBD73F289651B50029FA99 /* icons8-round-purple.png */; };
		4ADBD743289651B50029FA99 /* icons8-round-green.png in Resources */ = {isa = PBXBuildFile; fileRef = 4ADBD740289651B50029FA99 /* icons8-round-green.png */; };
		4ADBD744289651B50029FA99 /* icons8-round-blue.png in Resources */ = {isa = PBXBuildFile; fileRef = 4ADBD741289651B50029FA99 /* icons8-round-blue.png */; };
		4ADBD746289673590029FA99 /* UIButton.swift in Sources */ = {isa = PBXBuildFile; fileRef = 4ADBD745289673590029FA99 /* UIButton.swift */; };
		4ADBD7482896B9480029FA99 /* PerbandinganViewModel.swift in Sources */ = {isa = PBXBuildFile; fileRef = 4ADBD7472896B9480029FA99 /* PerbandinganViewModel.swift */; };
		4ADBD74A2896C8FC0029FA99 /* PerbandinganViewControllerExtesion.swift in Sources */ = {isa = PBXBuildFile; fileRef = 4ADBD7492896C8FC0029FA99 /* PerbandinganViewControllerExtesion.swift */; };
		4ADBD74C2896CAB90029FA99 /* ImbalCollectionViewCell.swift in Sources */ = {isa = PBXBuildFile; fileRef = 4ADBD74B2896CAB90029FA99 /* ImbalCollectionViewCell.swift */; };
		7414E54601EAE23E8D292539 /* Pods_TakeHome_TakeHomeUITests.framework in Frameworks */ = {isa = PBXBuildFile; fileRef = 1E14FCF43795E6CAABB3A923 /* Pods_TakeHome_TakeHomeUITests.framework */; };
		C090E1187F5B0EC2B3790D44 /* Pods_TakeHome.framework in Frameworks */ = {isa = PBXBuildFile; fileRef = 6660CCA53B990575DB9FBA24 /* Pods_TakeHome.framework */; };
		E094DA93244925555C0CD238 /* Pods_TakeHomeTests.framework in Frameworks */ = {isa = PBXBuildFile; fileRef = E22AE1A343B69F31424829FE /* Pods_TakeHomeTests.framework */; };
/* End PBXBuildFile section */

/* Begin PBXContainerItemProxy section */
		4ABC6FD02893882E00B7F447 /* PBXContainerItemProxy */ = {
			isa = PBXContainerItemProxy;
			containerPortal = 4ABC6FB12893882C00B7F447 /* Project object */;
			proxyType = 1;
			remoteGlobalIDString = 4ABC6FB82893882C00B7F447;
			remoteInfo = TakeHome;
		};
		4ABC6FDA2893882E00B7F447 /* PBXContainerItemProxy */ = {
			isa = PBXContainerItemProxy;
			containerPortal = 4ABC6FB12893882C00B7F447 /* Project object */;
			proxyType = 1;
			remoteGlobalIDString = 4ABC6FB82893882C00B7F447;
			remoteInfo = TakeHome;
		};
/* End PBXContainerItemProxy section */

/* Begin PBXFileReference section */
		1E14FCF43795E6CAABB3A923 /* Pods_TakeHome_TakeHomeUITests.framework */ = {isa = PBXFileReference; explicitFileType = wrapper.framework; includeInIndex = 0; path = Pods_TakeHome_TakeHomeUITests.framework; sourceTree = BUILT_PRODUCTS_DIR; };
		4264099714D4D76CBB263FD6 /* Pods-TakeHome-TakeHomeUITests.debug.xcconfig */ = {isa = PBXFileReference; includeInIndex = 1; lastKnownFileType = text.xcconfig; name = "Pods-TakeHome-TakeHomeUITests.debug.xcconfig"; path = "Target Support Files/Pods-TakeHome-TakeHomeUITests/Pods-TakeHome-TakeHomeUITests.debug.xcconfig"; sourceTree = "<group>"; };
		4A048DED289503C300D89A5C /* Environment.swift */ = {isa = PBXFileReference; lastKnownFileType = sourcecode.swift; path = Environment.swift; sourceTree = "<group>"; };
		4A048DEF2895057600D89A5C /* API.swift */ = {isa = PBXFileReference; lastKnownFileType = sourcecode.swift; path = API.swift; sourceTree = "<group>"; };
		4A048DF1289506F000D89A5C /* BaseNetwork.swift */ = {isa = PBXFileReference; lastKnownFileType = sourcecode.swift; path = BaseNetwork.swift; sourceTree = "<group>"; };
		4A048DF3289507E700D89A5C /* AppEnvironment.swift */ = {isa = PBXFileReference; lastKnownFileType = sourcecode.swift; path = AppEnvironment.swift; sourceTree = "<group>"; };
		4A048DF528950C6000D89A5C /* ImbalDataResponse.swift */ = {isa = PBXFileReference; lastKnownFileType = sourcecode.swift; path = ImbalDataResponse.swift; sourceTree = "<group>"; };
		4A048DF828950D9000D89A5C /* ImbalHasilEntity.swift */ = {isa = PBXFileReference; lastKnownFileType = sourcecode.swift; path = ImbalHasilEntity.swift; sourceTree = "<group>"; };
		4A048DFA28950E3000D89A5C /* DetailImbalEntity.swift */ = {isa = PBXFileReference; lastKnownFileType = sourcecode.swift; path = DetailImbalEntity.swift; sourceTree = "<group>"; };
		4A048E00289512D200D89A5C /* ImbalDataSource.swift */ = {isa = PBXFileReference; lastKnownFileType = sourcecode.swift; path = ImbalDataSource.swift; sourceTree = "<group>"; };
		4A048E042895136000D89A5C /* ImbalRepositoryIMP.swift */ = {isa = PBXFileReference; lastKnownFileType = sourcecode.swift; path = ImbalRepositoryIMP.swift; sourceTree = "<group>"; };
		4A048E0A289517AB00D89A5C /* EndPoints.swift */ = {isa = PBXFileReference; lastKnownFileType = sourcecode.swift; path = EndPoints.swift; sourceTree = "<group>"; };
		4A048E0D289519A100D89A5C /* ImbalDataTypeService.swift */ = {isa = PBXFileReference; lastKnownFileType = sourcecode.swift; path = ImbalDataTypeService.swift; sourceTree = "<group>"; };
		4A048E1028951B3200D89A5C /* ImbalTypeUseCase.swift */ = {isa = PBXFileReference; lastKnownFileType = sourcecode.swift; path = ImbalTypeUseCase.swift; sourceTree = "<group>"; };
		4A048E1228951B6D00D89A5C /* FetchImbalDataDetailUseCase.swift */ = {isa = PBXFileReference; lastKnownFileType = sourcecode.swift; path = FetchImbalDataDetailUseCase.swift; sourceTree = "<group>"; };
		4A048E1528951BFC00D89A5C /* ImbalDomainTypeRepository.swift */ = {isa = PBXFileReference; lastKnownFileType = sourcecode.swift; path = ImbalDomainTypeRepository.swift; sourceTree = "<group>"; };
		4A048E192895220E00D89A5C /* BaseViewController.swift */ = {isa = PBXFileReference; lastKnownFileType = sourcecode.swift; path = BaseViewController.swift; sourceTree = "<group>"; };
		4A048E1E2895492E00D89A5C /* ImbalChartResponse.swift */ = {isa = PBXFileReference; lastKnownFileType = sourcecode.swift; path = ImbalChartResponse.swift; sourceTree = "<group>"; };
		4A048E2128954A1400D89A5C /* ImbalChartDataEntity.swift */ = {isa = PBXFileReference; lastKnownFileType = sourcecode.swift; path = ImbalChartDataEntity.swift; sourceTree = "<group>"; };
		4A048E2328954B0000D89A5C /* ChartDataEntity.swift */ = {isa = PBXFileReference; lastKnownFileType = sourcecode.swift; path = ChartDataEntity.swift; sourceTree = "<group>"; };
		4A048E2528954B9C00D89A5C /* ChartsDataEntity.swift */ = {isa = PBXFileReference; lastKnownFileType = sourcecode.swift; path = ChartsDataEntity.swift; sourceTree = "<group>"; };
		4A048E2728954DC500D89A5C /* FetchImbalChartUseCase.swift */ = {isa = PBXFileReference; lastKnownFileType = sourcecode.swift; path = FetchImbalChartUseCase.swift; sourceTree = "<group>"; };
		4A048E312895684400D89A5C /* PerbandinganViewController.swift */ = {isa = PBXFileReference; lastKnownFileType = sourcecode.swift; path = PerbandinganViewController.swift; sourceTree = "<group>"; };
		4A048E372895687900D89A5C /* PerbandinganView.swift */ = {isa = PBXFileReference; lastKnownFileType = sourcecode.swift; path = PerbandinganView.swift; sourceTree = "<group>"; };
		4A048E3A28956BB700D89A5C /* back.png */ = {isa = PBXFileReference; lastKnownFileType = image.png; path = back.png; sourceTree = "<group>"; };
		4A048E3C28956EAB00D89A5C /* Constants.swift */ = {isa = PBXFileReference; lastKnownFileType = sourcecode.swift; path = Constants.swift; sourceTree = "<group>"; };
		4ABC6FB92893882C00B7F447 /* TakeHome.app */ = {isa = PBXFileReference; explicitFileType = wrapper.application; includeInIndex = 0; path = TakeHome.app; sourceTree = BUILT_PRODUCTS_DIR; };
		4ABC6FBC2893882C00B7F447 /* AppDelegate.swift */ = {isa = PBXFileReference; lastKnownFileType = sourcecode.swift; path = AppDelegate.swift; sourceTree = "<group>"; };
		4ABC6FC32893882C00B7F447 /* Base */ = {isa = PBXFileReference; lastKnownFileType = file.storyboard; name = Base; path = Base.lproj/Main.storyboard; sourceTree = "<group>"; };
		4ABC6FC52893882E00B7F447 /* Assets.xcassets */ = {isa = PBXFileReference; lastKnownFileType = folder.assetcatalog; path = Assets.xcassets; sourceTree = "<group>"; };
		4ABC6FC82893882E00B7F447 /* Base */ = {isa = PBXFileReference; lastKnownFileType = file.storyboard; name = Base; path = Base.lproj/LaunchScreen.storyboard; sourceTree = "<group>"; };
		4ABC6FCA2893882E00B7F447 /* Info.plist */ = {isa = PBXFileReference; lastKnownFileType = text.plist.xml; path = Info.plist; sourceTree = "<group>"; };
		4ABC6FCF2893882E00B7F447 /* TakeHomeTests.xctest */ = {isa = PBXFileReference; explicitFileType = wrapper.cfbundle; includeInIndex = 0; path = TakeHomeTests.xctest; sourceTree = BUILT_PRODUCTS_DIR; };
		4ABC6FD32893882E00B7F447 /* TakeHomeTests.swift */ = {isa = PBXFileReference; lastKnownFileType = sourcecode.swift; path = TakeHomeTests.swift; sourceTree = "<group>"; };
		4ABC6FD92893882E00B7F447 /* TakeHomeUITests.xctest */ = {isa = PBXFileReference; explicitFileType = wrapper.cfbundle; includeInIndex = 0; path = TakeHomeUITests.xctest; sourceTree = BUILT_PRODUCTS_DIR; };
		4ABC6FDD2893882E00B7F447 /* TakeHomeUITests.swift */ = {isa = PBXFileReference; lastKnownFileType = sourcecode.swift; path = TakeHomeUITests.swift; sourceTree = "<group>"; };
		4ABC6FDF2893882E00B7F447 /* TakeHomeUITestsLaunchTests.swift */ = {isa = PBXFileReference; lastKnownFileType = sourcecode.swift; path = TakeHomeUITestsLaunchTests.swift; sourceTree = "<group>"; };
		4ABC6FF12893904B00B7F447 /* UseCase.swift */ = {isa = PBXFileReference; lastKnownFileType = sourcecode.swift; path = UseCase.swift; sourceTree = "<group>"; };
		4ABC6FF5289390B100B7F447 /* Response.swift */ = {isa = PBXFileReference; lastKnownFileType = sourcecode.swift; path = Response.swift; sourceTree = "<group>"; };
		4ABC6FFA2893916200B7F447 /* ErrorResponse.swift */ = {isa = PBXFileReference; lastKnownFileType = sourcecode.swift; path = ErrorResponse.swift; sourceTree = "<group>"; };
		4ABC6FFC289391BF00B7F447 /* BaseViewModel.swift */ = {isa = PBXFileReference; lastKnownFileType = sourcecode.swift; path = BaseViewModel.swift; sourceTree = "<group>"; };
		4ABC6FFF2893951E00B7F447 /* UIView.swift */ = {isa = PBXFileReference; lastKnownFileType = sourcecode.swift; path = UIView.swift; sourceTree = "<group>"; };
		4ABC70032893956D00B7F447 /* Loader.swift */ = {isa = PBXFileReference; lastKnownFileType = sourcecode.swift; path = Loader.swift; sourceTree = "<group>"; };
		4ABC7005289397A100B7F447 /* UIViewControllerExtension.swift */ = {isa = PBXFileReference; lastKnownFileType = sourcecode.swift; path = UIViewControllerExtension.swift; sourceTree = "<group>"; };
		4ABC70092893985D00B7F447 /* CodableExtension.swift */ = {isa = PBXFileReference; lastKnownFileType = sourcecode.swift; path = CodableExtension.swift; sourceTree = "<group>"; };
		4ABC70132893DC5300B7F447 /* UIColor.swift */ = {isa = PBXFileReference; lastKnownFileType = sourcecode.swift; path = UIColor.swift; sourceTree = "<group>"; };
		4ABC70192893E3B700B7F447 /* SceneDelegate.swift */ = {isa = PBXFileReference; fileEncoding = 4; lastKnownFileType = sourcecode.swift; path = SceneDelegate.swift; sourceTree = "<group>"; };
		4ADBD73F289651B50029FA99 /* icons8-round-purple.png */ = {isa = PBXFileReference; lastKnownFileType = image.png; path = "icons8-round-purple.png"; sourceTree = "<group>"; };
		4ADBD740289651B50029FA99 /* icons8-round-green.png */ = {isa = PBXFileReference; lastKnownFileType = image.png; path = "icons8-round-green.png"; sourceTree = "<group>"; };
		4ADBD741289651B50029FA99 /* icons8-round-blue.png */ = {isa = PBXFileReference; lastKnownFileType = image.png; path = "icons8-round-blue.png"; sourceTree = "<group>"; };
		4ADBD745289673590029FA99 /* UIButton.swift */ = {isa = PBXFileReference; lastKnownFileType = sourcecode.swift; path = UIButton.swift; sourceTree = "<group>"; };
		4ADBD7472896B9480029FA99 /* PerbandinganViewModel.swift */ = {isa = PBXFileReference; lastKnownFileType = sourcecode.swift; path = PerbandinganViewModel.swift; sourceTree = "<group>"; };
		4ADBD7492896C8FC0029FA99 /* PerbandinganViewControllerExtesion.swift */ = {isa = PBXFileReference; lastKnownFileType = sourcecode.swift; path = PerbandinganViewControllerExtesion.swift; sourceTree = "<group>"; };
		4ADBD74B2896CAB90029FA99 /* ImbalCollectionViewCell.swift */ = {isa = PBXFileReference; lastKnownFileType = sourcecode.swift; path = ImbalCollectionViewCell.swift; sourceTree = "<group>"; };
		4BE39258AE87FD2696A1F3EB /* Pods-TakeHomeTests.release.xcconfig */ = {isa = PBXFileReference; includeInIndex = 1; lastKnownFileType = text.xcconfig; name = "Pods-TakeHomeTests.release.xcconfig"; path = "Target Support Files/Pods-TakeHomeTests/Pods-TakeHomeTests.release.xcconfig"; sourceTree = "<group>"; };
		6660CCA53B990575DB9FBA24 /* Pods_TakeHome.framework */ = {isa = PBXFileReference; explicitFileType = wrapper.framework; includeInIndex = 0; path = Pods_TakeHome.framework; sourceTree = BUILT_PRODUCTS_DIR; };
		72ED503DE9333462CCCA7B7D /* Pods-TakeHome.release.xcconfig */ = {isa = PBXFileReference; includeInIndex = 1; lastKnownFileType = text.xcconfig; name = "Pods-TakeHome.release.xcconfig"; path = "Target Support Files/Pods-TakeHome/Pods-TakeHome.release.xcconfig"; sourceTree = "<group>"; };
		9CBBF7585BED8994629B6AE4 /* Pods-TakeHome-TakeHomeUITests.release.xcconfig */ = {isa = PBXFileReference; includeInIndex = 1; lastKnownFileType = text.xcconfig; name = "Pods-TakeHome-TakeHomeUITests.release.xcconfig"; path = "Target Support Files/Pods-TakeHome-TakeHomeUITests/Pods-TakeHome-TakeHomeUITests.release.xcconfig"; sourceTree = "<group>"; };
		AF2D8BAAF6ADDBFEB88BFA57 /* Pods-TakeHome.debug.xcconfig */ = {isa = PBXFileReference; includeInIndex = 1; lastKnownFileType = text.xcconfig; name = "Pods-TakeHome.debug.xcconfig"; path = "Target Support Files/Pods-TakeHome/Pods-TakeHome.debug.xcconfig"; sourceTree = "<group>"; };
		D5FB765869948C38FD513C24 /* Pods-TakeHomeTests.debug.xcconfig */ = {isa = PBXFileReference; includeInIndex = 1; lastKnownFileType = text.xcconfig; name = "Pods-TakeHomeTests.debug.xcconfig"; path = "Target Support Files/Pods-TakeHomeTests/Pods-TakeHomeTests.debug.xcconfig"; sourceTree = "<group>"; };
		E22AE1A343B69F31424829FE /* Pods_TakeHomeTests.framework */ = {isa = PBXFileReference; explicitFileType = wrapper.framework; includeInIndex = 0; path = Pods_TakeHomeTests.framework; sourceTree = BUILT_PRODUCTS_DIR; };
/* End PBXFileReference section */

/* Begin PBXFrameworksBuildPhase section */
		4ABC6FB62893882C00B7F447 /* Frameworks */ = {
			isa = PBXFrameworksBuildPhase;
			buildActionMask = 2147483647;
			files = (
				C090E1187F5B0EC2B3790D44 /* Pods_TakeHome.framework in Frameworks */,
			);
			runOnlyForDeploymentPostprocessing = 0;
		};
		4ABC6FCC2893882E00B7F447 /* Frameworks */ = {
			isa = PBXFrameworksBuildPhase;
			buildActionMask = 2147483647;
			files = (
				E094DA93244925555C0CD238 /* Pods_TakeHomeTests.framework in Frameworks */,
			);
			runOnlyForDeploymentPostprocessing = 0;
		};
		4ABC6FD62893882E00B7F447 /* Frameworks */ = {
			isa = PBXFrameworksBuildPhase;
			buildActionMask = 2147483647;
			files = (
				7414E54601EAE23E8D292539 /* Pods_TakeHome_TakeHomeUITests.framework in Frameworks */,
			);
			runOnlyForDeploymentPostprocessing = 0;
		};
/* End PBXFrameworksBuildPhase section */

/* Begin PBXGroup section */
		18CA7F4240881D19A2FB0DAA /* Pods */ = {
			isa = PBXGroup;
			children = (
				AF2D8BAAF6ADDBFEB88BFA57 /* Pods-TakeHome.debug.xcconfig */,
				72ED503DE9333462CCCA7B7D /* Pods-TakeHome.release.xcconfig */,
				4264099714D4D76CBB263FD6 /* Pods-TakeHome-TakeHomeUITests.debug.xcconfig */,
				9CBBF7585BED8994629B6AE4 /* Pods-TakeHome-TakeHomeUITests.release.xcconfig */,
				D5FB765869948C38FD513C24 /* Pods-TakeHomeTests.debug.xcconfig */,
				4BE39258AE87FD2696A1F3EB /* Pods-TakeHomeTests.release.xcconfig */,
			);
			path = Pods;
			sourceTree = "<group>";
		};
		4A048DE82895033100D89A5C /* Infrastructure */ = {
			isa = PBXGroup;
			children = (
				4A048DEC289503B500D89A5C /* Networking */,
			);
			path = Infrastructure;
			sourceTree = "<group>";
		};
		4A048DEC289503B500D89A5C /* Networking */ = {
			isa = PBXGroup;
			children = (
				4A048DED289503C300D89A5C /* Environment.swift */,
				4A048DEF2895057600D89A5C /* API.swift */,
				4A048DF1289506F000D89A5C /* BaseNetwork.swift */,
				4A048DF3289507E700D89A5C /* AppEnvironment.swift */,
			);
			path = Networking;
			sourceTree = "<group>";
		};
		4A048DF728950D6E00D89A5C /* ImbalData */ = {
			isa = PBXGroup;
			children = (
				4A048DF828950D9000D89A5C /* ImbalHasilEntity.swift */,
				4A048DFA28950E3000D89A5C /* DetailImbalEntity.swift */,
			);
			path = ImbalData;
			sourceTree = "<group>";
		};
		4A048DFC2895121E00D89A5C /* DataSource */ = {
			isa = PBXGroup;
			children = (
				4A048DFF289512B200D89A5C /* PerbandinganDataSource */,
			);
			path = DataSource;
			sourceTree = "<group>";
		};
		4A048DFF289512B200D89A5C /* PerbandinganDataSource */ = {
			isa = PBXGroup;
			children = (
				4A048E00289512D200D89A5C /* ImbalDataSource.swift */,
			);
			path = PerbandinganDataSource;
			sourceTree = "<group>";
		};
		4A048E022895132D00D89A5C /* Repository */ = {
			isa = PBXGroup;
			children = (
				4A048E032895133F00D89A5C /* PerbandinganRepository */,
			);
			path = Repository;
			sourceTree = "<group>";
		};
		4A048E032895133F00D89A5C /* PerbandinganRepository */ = {
			isa = PBXGroup;
			children = (
				4A048E042895136000D89A5C /* ImbalRepositoryIMP.swift */,
			);
			path = PerbandinganRepository;
			sourceTree = "<group>";
		};
		4A048E062895177900D89A5C /* Remote */ = {
			isa = PBXGroup;
			children = (
				4A048E082895179100D89A5C /* EndPoint */,
				4A048E072895178B00D89A5C /* Service */,
			);
			path = Remote;
			sourceTree = "<group>";
		};
		4A048E072895178B00D89A5C /* Service */ = {
			isa = PBXGroup;
			children = (
				4A048E0C2895198C00D89A5C /* PerbandinganService */,
			);
			path = Service;
			sourceTree = "<group>";
		};
		4A048E082895179100D89A5C /* EndPoint */ = {
			isa = PBXGroup;
			children = (
				4A048E0A289517AB00D89A5C /* EndPoints.swift */,
			);
			path = EndPoint;
			sourceTree = "<group>";
		};
		4A048E0C2895198C00D89A5C /* PerbandinganService */ = {
			isa = PBXGroup;
			children = (
				4A048E0D289519A100D89A5C /* ImbalDataTypeService.swift */,
			);
			path = PerbandinganService;
			sourceTree = "<group>";
		};
		4A048E0F28951B1800D89A5C /* ImbalType */ = {
			isa = PBXGroup;
			children = (
				4A048E1028951B3200D89A5C /* ImbalTypeUseCase.swift */,
				4A048E1228951B6D00D89A5C /* FetchImbalDataDetailUseCase.swift */,
				4A048E2728954DC500D89A5C /* FetchImbalChartUseCase.swift */,
			);
			path = ImbalType;
			sourceTree = "<group>";
		};
		4A048E1428951BD400D89A5C /* Repository */ = {
			isa = PBXGroup;
			children = (
				4A048E1528951BFC00D89A5C /* ImbalDomainTypeRepository.swift */,
			);
			path = Repository;
			sourceTree = "<group>";
		};
		4A048E20289549FB00D89A5C /* ImbalChart */ = {
			isa = PBXGroup;
			children = (
				4A048E2128954A1400D89A5C /* ImbalChartDataEntity.swift */,
				4A048E2328954B0000D89A5C /* ChartDataEntity.swift */,
				4A048E2528954B9C00D89A5C /* ChartsDataEntity.swift */,
			);
			path = ImbalChart;
			sourceTree = "<group>";
		};
		4A048E2F2895681800D89A5C /* Perbandingan */ = {
			isa = PBXGroup;
			children = (
				4A048E352895686300D89A5C /* Dana */,
				4A048E302895683000D89A5C /* Imbal */,
				4A048E312895684400D89A5C /* PerbandinganViewController.swift */,
				4ADBD7472896B9480029FA99 /* PerbandinganViewModel.swift */,
				4ADBD7492896C8FC0029FA99 /* PerbandinganViewControllerExtesion.swift */,
			);
			path = Perbandingan;
			sourceTree = "<group>";
		};
		4A048E302895683000D89A5C /* Imbal */ = {
			isa = PBXGroup;
			children = (
				4ADBD74B2896CAB90029FA99 /* ImbalCollectionViewCell.swift */,
			);
			path = Imbal;
			sourceTree = "<group>";
		};
		4A048E332895685500D89A5C /* Perbandingan */ = {
			isa = PBXGroup;
			children = (
				4A048E362895686E00D89A5C /* Dana */,
				4A048E342895685D00D89A5C /* Imbal */,
				4A048E372895687900D89A5C /* PerbandinganView.swift */,
			);
			path = Perbandingan;
			sourceTree = "<group>";
		};
		4A048E342895685D00D89A5C /* Imbal */ = {
			isa = PBXGroup;
			children = (
			);
			path = Imbal;
			sourceTree = "<group>";
		};
		4A048E352895686300D89A5C /* Dana */ = {
			isa = PBXGroup;
			children = (
			);
			path = Dana;
			sourceTree = "<group>";
		};
		4A048E362895686E00D89A5C /* Dana */ = {
			isa = PBXGroup;
			children = (
			);
			path = Dana;
			sourceTree = "<group>";
		};
		4A048E3928956BA200D89A5C /* Image */ = {
			isa = PBXGroup;
			children = (
				4ADBD741289651B50029FA99 /* icons8-round-blue.png */,
				4ADBD740289651B50029FA99 /* icons8-round-green.png */,
				4ADBD73F289651B50029FA99 /* icons8-round-purple.png */,
				4A048E3A28956BB700D89A5C /* back.png */,
			);
			path = Image;
			sourceTree = "<group>";
		};
		4ABC6FB02893882C00B7F447 = {
			isa = PBXGroup;
			children = (
				4ABC6FBB2893882C00B7F447 /* TakeHome */,
				4ABC6FD22893882E00B7F447 /* TakeHomeTests */,
				4ABC6FDC2893882E00B7F447 /* TakeHomeUITests */,
				4ABC6FBA2893882C00B7F447 /* Products */,
				18CA7F4240881D19A2FB0DAA /* Pods */,
				933BB1B93B03C043872954B6 /* Frameworks */,
			);
			sourceTree = "<group>";
		};
		4ABC6FBA2893882C00B7F447 /* Products */ = {
			isa = PBXGroup;
			children = (
				4ABC6FB92893882C00B7F447 /* TakeHome.app */,
				4ABC6FCF2893882E00B7F447 /* TakeHomeTests.xctest */,
				4ABC6FD92893882E00B7F447 /* TakeHomeUITests.xctest */,
			);
			name = Products;
			sourceTree = "<group>";
		};
		4ABC6FBB2893882C00B7F447 /* TakeHome */ = {
			isa = PBXGroup;
			children = (
				4ABC6FEC28938D4D00B7F447 /* Application */,
				4ABC700B289398EA00B7F447 /* App-Module */,
				4A048DE82895033100D89A5C /* Infrastructure */,
				4ABC6FF72893914900B7F447 /* Data */,
				4ABC6FF02893901600B7F447 /* Domain */,
				4ABC70012893954E00B7F447 /* Resources */,
				4ABC6FFE289394B800B7F447 /* Extension */,
				4ABC6FC22893882C00B7F447 /* Main.storyboard */,
				4ABC6FC52893882E00B7F447 /* Assets.xcassets */,
				4ABC6FC72893882E00B7F447 /* LaunchScreen.storyboard */,
				4ABC6FCA2893882E00B7F447 /* Info.plist */,
			);
			path = TakeHome;
			sourceTree = "<group>";
		};
		4ABC6FD22893882E00B7F447 /* TakeHomeTests */ = {
			isa = PBXGroup;
			children = (
				4ABC6FD32893882E00B7F447 /* TakeHomeTests.swift */,
			);
			path = TakeHomeTests;
			sourceTree = "<group>";
		};
		4ABC6FDC2893882E00B7F447 /* TakeHomeUITests */ = {
			isa = PBXGroup;
			children = (
				4ABC6FDD2893882E00B7F447 /* TakeHomeUITests.swift */,
				4ABC6FDF2893882E00B7F447 /* TakeHomeUITestsLaunchTests.swift */,
			);
			path = TakeHomeUITests;
			sourceTree = "<group>";
		};
		4ABC6FEC28938D4D00B7F447 /* Application */ = {
			isa = PBXGroup;
			children = (
				4ABC6FED28938F7500B7F447 /* Architecture */,
				4ABC70192893E3B700B7F447 /* SceneDelegate.swift */,
				4ABC6FBC2893882C00B7F447 /* AppDelegate.swift */,
			);
			path = Application;
			sourceTree = "<group>";
		};
		4ABC6FED28938F7500B7F447 /* Architecture */ = {
			isa = PBXGroup;
			children = (
				4ABC6FFC289391BF00B7F447 /* BaseViewModel.swift */,
				4A048E192895220E00D89A5C /* BaseViewController.swift */,
			);
			path = Architecture;
			sourceTree = "<group>";
		};
		4ABC6FF02893901600B7F447 /* Domain */ = {
			isa = PBXGroup;
			children = (
				4A048E1428951BD400D89A5C /* Repository */,
				4ABC6FF42893909700B7F447 /* Entities */,
				4ABC6FF32893908800B7F447 /* UseCase */,
			);
			path = Domain;
			sourceTree = "<group>";
		};
		4ABC6FF32893908800B7F447 /* UseCase */ = {
			isa = PBXGroup;
			children = (
				4A048E0F28951B1800D89A5C /* ImbalType */,
				4ABC6FF12893904B00B7F447 /* UseCase.swift */,
			);
			path = UseCase;
			sourceTree = "<group>";
		};
		4ABC6FF42893909700B7F447 /* Entities */ = {
			isa = PBXGroup;
			children = (
				4A048E20289549FB00D89A5C /* ImbalChart */,
				4A048DF728950D6E00D89A5C /* ImbalData */,
			);
			path = Entities;
			sourceTree = "<group>";
		};
		4ABC6FF72893914900B7F447 /* Data */ = {
			isa = PBXGroup;
			children = (
				4A048DFC2895121E00D89A5C /* DataSource */,
				4A048E022895132D00D89A5C /* Repository */,
				4A048E062895177900D89A5C /* Remote */,
				4ABC6FF82893914F00B7F447 /* Models */,
			);
			path = Data;
			sourceTree = "<group>";
		};
		4ABC6FF82893914F00B7F447 /* Models */ = {
			isa = PBXGroup;
			children = (
				4ABC6FF92893915500B7F447 /* Response */,
			);
			path = Models;
			sourceTree = "<group>";
		};
		4ABC6FF92893915500B7F447 /* Response */ = {
			isa = PBXGroup;
			children = (
				4ABC6FF5289390B100B7F447 /* Response.swift */,
				4ABC6FFA2893916200B7F447 /* ErrorResponse.swift */,
				4A048DF528950C6000D89A5C /* ImbalDataResponse.swift */,
				4A048E1E2895492E00D89A5C /* ImbalChartResponse.swift */,
			);
			path = Response;
			sourceTree = "<group>";
		};
		4ABC6FFE289394B800B7F447 /* Extension */ = {
			isa = PBXGroup;
			children = (
				4ABC6FFF2893951E00B7F447 /* UIView.swift */,
				4ABC7005289397A100B7F447 /* UIViewControllerExtension.swift */,
				4ABC70092893985D00B7F447 /* CodableExtension.swift */,
				4ABC70132893DC5300B7F447 /* UIColor.swift */,
				4ADBD745289673590029FA99 /* UIButton.swift */,
			);
			path = Extension;
			sourceTree = "<group>";
		};
		4ABC70012893954E00B7F447 /* Resources */ = {
			isa = PBXGroup;
			children = (
				4A048E3928956BA200D89A5C /* Image */,
				4ABC70022893955F00B7F447 /* Other-View */,
				4A048E3C28956EAB00D89A5C /* Constants.swift */,
			);
			path = Resources;
			sourceTree = "<group>";
		};
		4ABC70022893955F00B7F447 /* Other-View */ = {
			isa = PBXGroup;
			children = (
				4ABC70032893956D00B7F447 /* Loader.swift */,
			);
			path = "Other-View";
			sourceTree = "<group>";
		};
		4ABC700B289398EA00B7F447 /* App-Module */ = {
			isa = PBXGroup;
			children = (
				4ABC700C2893996500B7F447 /* Perbandingan */,
			);
			path = "App-Module";
			sourceTree = "<group>";
		};
		4ABC700C2893996500B7F447 /* Perbandingan */ = {
			isa = PBXGroup;
			children = (
				4ABC700D2893996C00B7F447 /* View */,
				4ABC700E2893997B00B7F447 /* ViewController */,
			);
			path = Perbandingan;
			sourceTree = "<group>";
		};
		4ABC700D2893996C00B7F447 /* View */ = {
			isa = PBXGroup;
			children = (
				4A048E332895685500D89A5C /* Perbandingan */,
			);
			path = View;
			sourceTree = "<group>";
		};
		4ABC700E2893997B00B7F447 /* ViewController */ = {
			isa = PBXGroup;
			children = (
				4A048E2F2895681800D89A5C /* Perbandingan */,
			);
			path = ViewController;
			sourceTree = "<group>";
		};
		933BB1B93B03C043872954B6 /* Frameworks */ = {
			isa = PBXGroup;
			children = (
				6660CCA53B990575DB9FBA24 /* Pods_TakeHome.framework */,
				1E14FCF43795E6CAABB3A923 /* Pods_TakeHome_TakeHomeUITests.framework */,
				E22AE1A343B69F31424829FE /* Pods_TakeHomeTests.framework */,
			);
			name = Frameworks;
			sourceTree = "<group>";
		};
/* End PBXGroup section */

/* Begin PBXNativeTarget section */
		4ABC6FB82893882C00B7F447 /* TakeHome */ = {
			isa = PBXNativeTarget;
			buildConfigurationList = 4ABC6FE32893882E00B7F447 /* Build configuration list for PBXNativeTarget "TakeHome" */;
			buildPhases = (
				DD5217AE6EDE30DF61BABD43 /* [CP] Check Pods Manifest.lock */,
				4ABC6FB52893882C00B7F447 /* Sources */,
				4ABC6FB62893882C00B7F447 /* Frameworks */,
				4ABC6FB72893882C00B7F447 /* Resources */,
				103392FC4D093AF685F24DCD /* [CP] Embed Pods Frameworks */,
			);
			buildRules = (
			);
			dependencies = (
			);
			name = TakeHome;
			productName = TakeHome;
			productReference = 4ABC6FB92893882C00B7F447 /* TakeHome.app */;
			productType = "com.apple.product-type.application";
		};
		4ABC6FCE2893882E00B7F447 /* TakeHomeTests */ = {
			isa = PBXNativeTarget;
			buildConfigurationList = 4ABC6FE62893882E00B7F447 /* Build configuration list for PBXNativeTarget "TakeHomeTests" */;
			buildPhases = (
				F5DAD288ED0CE29F711EA49F /* [CP] Check Pods Manifest.lock */,
				4ABC6FCB2893882E00B7F447 /* Sources */,
				4ABC6FCC2893882E00B7F447 /* Frameworks */,
				4ABC6FCD2893882E00B7F447 /* Resources */,
			);
			buildRules = (
			);
			dependencies = (
				4ABC6FD12893882E00B7F447 /* PBXTargetDependency */,
			);
			name = TakeHomeTests;
			productName = TakeHomeTests;
			productReference = 4ABC6FCF2893882E00B7F447 /* TakeHomeTests.xctest */;
			productType = "com.apple.product-type.bundle.unit-test";
		};
		4ABC6FD82893882E00B7F447 /* TakeHomeUITests */ = {
			isa = PBXNativeTarget;
			buildConfigurationList = 4ABC6FE92893882E00B7F447 /* Build configuration list for PBXNativeTarget "TakeHomeUITests" */;
			buildPhases = (
				950E62F5E461C13E168DCC15 /* [CP] Check Pods Manifest.lock */,
				4ABC6FD52893882E00B7F447 /* Sources */,
				4ABC6FD62893882E00B7F447 /* Frameworks */,
				4ABC6FD72893882E00B7F447 /* Resources */,
				9E92D09AC8DB7DA582E2DD2C /* [CP] Embed Pods Frameworks */,
			);
			buildRules = (
			);
			dependencies = (
				4ABC6FDB2893882E00B7F447 /* PBXTargetDependency */,
			);
			name = TakeHomeUITests;
			productName = TakeHomeUITests;
			productReference = 4ABC6FD92893882E00B7F447 /* TakeHomeUITests.xctest */;
			productType = "com.apple.product-type.bundle.ui-testing";
		};
/* End PBXNativeTarget section */

/* Begin PBXProject section */
		4ABC6FB12893882C00B7F447 /* Project object */ = {
			isa = PBXProject;
			attributes = {
				BuildIndependentTargetsInParallel = 1;
				LastSwiftUpdateCheck = 1340;
				LastUpgradeCheck = 1340;
				TargetAttributes = {
					4ABC6FB82893882C00B7F447 = {
						CreatedOnToolsVersion = 13.4.1;
					};
					4ABC6FCE2893882E00B7F447 = {
						CreatedOnToolsVersion = 13.4.1;
						TestTargetID = 4ABC6FB82893882C00B7F447;
					};
					4ABC6FD82893882E00B7F447 = {
						CreatedOnToolsVersion = 13.4.1;
						TestTargetID = 4ABC6FB82893882C00B7F447;
					};
				};
			};
			buildConfigurationList = 4ABC6FB42893882C00B7F447 /* Build configuration list for PBXProject "TakeHome" */;
			compatibilityVersion = "Xcode 13.0";
			developmentRegion = en;
			hasScannedForEncodings = 0;
			knownRegions = (
				en,
				Base,
			);
			mainGroup = 4ABC6FB02893882C00B7F447;
			productRefGroup = 4ABC6FBA2893882C00B7F447 /* Products */;
			projectDirPath = "";
			projectRoot = "";
			targets = (
				4ABC6FB82893882C00B7F447 /* TakeHome */,
				4ABC6FCE2893882E00B7F447 /* TakeHomeTests */,
				4ABC6FD82893882E00B7F447 /* TakeHomeUITests */,
			);
		};
/* End PBXProject section */

/* Begin PBXResourcesBuildPhase section */
		4ABC6FB72893882C00B7F447 /* Resources */ = {
			isa = PBXResourcesBuildPhase;
			buildActionMask = 2147483647;
			files = (
				4ADBD742289651B50029FA99 /* icons8-round-purple.png in Resources */,
				4A048E3B28956BB700D89A5C /* back.png in Resources */,
				4ADBD744289651B50029FA99 /* icons8-round-blue.png in Resources */,
				4ABC6FC92893882E00B7F447 /* LaunchScreen.storyboard in Resources */,
				4ABC6FC62893882E00B7F447 /* Assets.xcassets in Resources */,
				4ADBD743289651B50029FA99 /* icons8-round-green.png in Resources */,
				4ABC6FC42893882C00B7F447 /* Main.storyboard in Resources */,
			);
			runOnlyForDeploymentPostprocessing = 0;
		};
		4ABC6FCD2893882E00B7F447 /* Resources */ = {
			isa = PBXResourcesBuildPhase;
			buildActionMask = 2147483647;
			files = (
			);
			runOnlyForDeploymentPostprocessing = 0;
		};
		4ABC6FD72893882E00B7F447 /* Resources */ = {
			isa = PBXResourcesBuildPhase;
			buildActionMask = 2147483647;
			files = (
			);
			runOnlyForDeploymentPostprocessing = 0;
		};
/* End PBXResourcesBuildPhase section */

/* Begin PBXShellScriptBuildPhase section */
		103392FC4D093AF685F24DCD /* [CP] Embed Pods Frameworks */ = {
			isa = PBXShellScriptBuildPhase;
			buildActionMask = 2147483647;
			files = (
			);
			inputFileListPaths = (
				"${PODS_ROOT}/Target Support Files/Pods-TakeHome/Pods-TakeHome-frameworks-${CONFIGURATION}-input-files.xcfilelist",
			);
			name = "[CP] Embed Pods Frameworks";
			outputFileListPaths = (
				"${PODS_ROOT}/Target Support Files/Pods-TakeHome/Pods-TakeHome-frameworks-${CONFIGURATION}-output-files.xcfilelist",
			);
			runOnlyForDeploymentPostprocessing = 0;
			shellPath = /bin/sh;
			shellScript = "\"${PODS_ROOT}/Target Support Files/Pods-TakeHome/Pods-TakeHome-frameworks.sh\"\n";
			showEnvVarsInLog = 0;
		};
		950E62F5E461C13E168DCC15 /* [CP] Check Pods Manifest.lock */ = {
			isa = PBXShellScriptBuildPhase;
			buildActionMask = 2147483647;
			files = (
			);
			inputFileListPaths = (
			);
			inputPaths = (
				"${PODS_PODFILE_DIR_PATH}/Podfile.lock",
				"${PODS_ROOT}/Manifest.lock",
			);
			name = "[CP] Check Pods Manifest.lock";
			outputFileListPaths = (
			);
			outputPaths = (
				"$(DERIVED_FILE_DIR)/Pods-TakeHome-TakeHomeUITests-checkManifestLockResult.txt",
			);
			runOnlyForDeploymentPostprocessing = 0;
			shellPath = /bin/sh;
			shellScript = "diff \"${PODS_PODFILE_DIR_PATH}/Podfile.lock\" \"${PODS_ROOT}/Manifest.lock\" > /dev/null\nif [ $? != 0 ] ; then\n    # print error to STDERR\n    echo \"error: The sandbox is not in sync with the Podfile.lock. Run 'pod install' or update your CocoaPods installation.\" >&2\n    exit 1\nfi\n# This output is used by Xcode 'outputs' to avoid re-running this script phase.\necho \"SUCCESS\" > \"${SCRIPT_OUTPUT_FILE_0}\"\n";
			showEnvVarsInLog = 0;
		};
		9E92D09AC8DB7DA582E2DD2C /* [CP] Embed Pods Frameworks */ = {
			isa = PBXShellScriptBuildPhase;
			buildActionMask = 2147483647;
			files = (
			);
			inputFileListPaths = (
				"${PODS_ROOT}/Target Support Files/Pods-TakeHome-TakeHomeUITests/Pods-TakeHome-TakeHomeUITests-frameworks-${CONFIGURATION}-input-files.xcfilelist",
			);
			name = "[CP] Embed Pods Frameworks";
			outputFileListPaths = (
				"${PODS_ROOT}/Target Support Files/Pods-TakeHome-TakeHomeUITests/Pods-TakeHome-TakeHomeUITests-frameworks-${CONFIGURATION}-output-files.xcfilelist",
			);
			runOnlyForDeploymentPostprocessing = 0;
			shellPath = /bin/sh;
			shellScript = "\"${PODS_ROOT}/Target Support Files/Pods-TakeHome-TakeHomeUITests/Pods-TakeHome-TakeHomeUITests-frameworks.sh\"\n";
			showEnvVarsInLog = 0;
		};
		DD5217AE6EDE30DF61BABD43 /* [CP] Check Pods Manifest.lock */ = {
			isa = PBXShellScriptBuildPhase;
			buildActionMask = 2147483647;
			files = (
			);
			inputFileListPaths = (
			);
			inputPaths = (
				"${PODS_PODFILE_DIR_PATH}/Podfile.lock",
				"${PODS_ROOT}/Manifest.lock",
			);
			name = "[CP] Check Pods Manifest.lock";
			outputFileListPaths = (
			);
			outputPaths = (
				"$(DERIVED_FILE_DIR)/Pods-TakeHome-checkManifestLockResult.txt",
			);
			runOnlyForDeploymentPostprocessing = 0;
			shellPath = /bin/sh;
			shellScript = "diff \"${PODS_PODFILE_DIR_PATH}/Podfile.lock\" \"${PODS_ROOT}/Manifest.lock\" > /dev/null\nif [ $? != 0 ] ; then\n    # print error to STDERR\n    echo \"error: The sandbox is not in sync with the Podfile.lock. Run 'pod install' or update your CocoaPods installation.\" >&2\n    exit 1\nfi\n# This output is used by Xcode 'outputs' to avoid re-running this script phase.\necho \"SUCCESS\" > \"${SCRIPT_OUTPUT_FILE_0}\"\n";
			showEnvVarsInLog = 0;
		};
		F5DAD288ED0CE29F711EA49F /* [CP] Check Pods Manifest.lock */ = {
			isa = PBXShellScriptBuildPhase;
			buildActionMask = 2147483647;
			files = (
			);
			inputFileListPaths = (
			);
			inputPaths = (
				"${PODS_PODFILE_DIR_PATH}/Podfile.lock",
				"${PODS_ROOT}/Manifest.lock",
			);
			name = "[CP] Check Pods Manifest.lock";
			outputFileListPaths = (
			);
			outputPaths = (
				"$(DERIVED_FILE_DIR)/Pods-TakeHomeTests-checkManifestLockResult.txt",
			);
			runOnlyForDeploymentPostprocessing = 0;
			shellPath = /bin/sh;
			shellScript = "diff \"${PODS_PODFILE_DIR_PATH}/Podfile.lock\" \"${PODS_ROOT}/Manifest.lock\" > /dev/null\nif [ $? != 0 ] ; then\n    # print error to STDERR\n    echo \"error: The sandbox is not in sync with the Podfile.lock. Run 'pod install' or update your CocoaPods installation.\" >&2\n    exit 1\nfi\n# This output is used by Xcode 'outputs' to avoid re-running this script phase.\necho \"SUCCESS\" > \"${SCRIPT_OUTPUT_FILE_0}\"\n";
			showEnvVarsInLog = 0;
		};
/* End PBXShellScriptBuildPhase section */

/* Begin PBXSourcesBuildPhase section */
		4ABC6FB52893882C00B7F447 /* Sources */ = {
			isa = PBXSourcesBuildPhase;
			buildActionMask = 2147483647;
			files = (
				4ABC6FF22893904B00B7F447 /* UseCase.swift in Sources */,
				4ADBD74C2896CAB90029FA99 /* ImbalCollectionViewCell.swift in Sources */,
				4A048DF2289506F000D89A5C /* BaseNetwork.swift in Sources */,
				4A048E322895684400D89A5C /* PerbandinganViewController.swift in Sources */,
				4A048DEE289503C300D89A5C /* Environment.swift in Sources */,
				4ABC70142893DC5300B7F447 /* UIColor.swift in Sources */,
				4A048E382895687900D89A5C /* PerbandinganView.swift in Sources */,
				4A048E052895136100D89A5C /* ImbalRepositoryIMP.swift in Sources */,
				4A048E1A2895220E00D89A5C /* BaseViewController.swift in Sources */,
				4A048DF02895057600D89A5C /* API.swift in Sources */,
				4ABC6FBD2893882C00B7F447 /* AppDelegate.swift in Sources */,
				4ABC701A2893E3B700B7F447 /* SceneDelegate.swift in Sources */,
				4A048E3D28956EAB00D89A5C /* Constants.swift in Sources */,
				4ABC70042893956D00B7F447 /* Loader.swift in Sources */,
				4ABC6FF6289390B100B7F447 /* Response.swift in Sources */,
				4ABC6FFD289391BF00B7F447 /* BaseViewModel.swift in Sources */,
				4A048DFB28950E3000D89A5C /* DetailImbalEntity.swift in Sources */,
				4ADBD74A2896C8FC0029FA99 /* PerbandinganViewControllerExtesion.swift in Sources */,
				4ADBD7482896B9480029FA99 /* PerbandinganViewModel.swift in Sources */,
				4A048E2628954B9C00D89A5C /* ChartsDataEntity.swift in Sources */,
				4A048E2428954B0000D89A5C /* ChartDataEntity.swift in Sources */,
				4ABC700A2893985D00B7F447 /* CodableExtension.swift in Sources */,
				4A048E2828954DC500D89A5C /* FetchImbalChartUseCase.swift in Sources */,
				4ABC70002893951E00B7F447 /* UIView.swift in Sources */,
				4A048E0E289519A100D89A5C /* ImbalDataTypeService.swift in Sources */,
				4A048E1128951B3200D89A5C /* ImbalTypeUseCase.swift in Sources */,
				4ADBD746289673590029FA99 /* UIButton.swift in Sources */,
				4A048DF928950D9000D89A5C /* ImbalHasilEntity.swift in Sources */,
				4A048E2228954A1400D89A5C /* ImbalChartDataEntity.swift in Sources */,
				4ABC7006289397A100B7F447 /* UIViewControllerExtension.swift in Sources */,
				4A048E1F2895492E00D89A5C /* ImbalChartResponse.swift in Sources */,
				4A048E1628951BFC00D89A5C /* ImbalDomainTypeRepository.swift in Sources */,
				4A048E0B289517AB00D89A5C /* EndPoints.swift in Sources */,
				4A048E01289512D200D89A5C /* ImbalDataSource.swift in Sources */,
				4ABC6FFB2893916200B7F447 /* ErrorResponse.swift in Sources */,
				4A048DF628950C6000D89A5C /* ImbalDataResponse.swift in Sources */,
				4A048DF4289507E700D89A5C /* AppEnvironment.swift in Sources */,
				4A048E1328951B6D00D89A5C /* FetchImbalDataDetailUseCase.swift in Sources */,
			);
			runOnlyForDeploymentPostprocessing = 0;
		};
		4ABC6FCB2893882E00B7F447 /* Sources */ = {
			isa = PBXSourcesBuildPhase;
			buildActionMask = 2147483647;
			files = (
				4ABC6FD42893882E00B7F447 /* TakeHomeTests.swift in Sources */,
			);
			runOnlyForDeploymentPostprocessing = 0;
		};
		4ABC6FD52893882E00B7F447 /* Sources */ = {
			isa = PBXSourcesBuildPhase;
			buildActionMask = 2147483647;
			files = (
				4ABC6FE02893882E00B7F447 /* TakeHomeUITestsLaunchTests.swift in Sources */,
				4ABC6FDE2893882E00B7F447 /* TakeHomeUITests.swift in Sources */,
			);
			runOnlyForDeploymentPostprocessing = 0;
		};
/* End PBXSourcesBuildPhase section */

/* Begin PBXTargetDependency section */
		4ABC6FD12893882E00B7F447 /* PBXTargetDependency */ = {
			isa = PBXTargetDependency;
			target = 4ABC6FB82893882C00B7F447 /* TakeHome */;
			targetProxy = 4ABC6FD02893882E00B7F447 /* PBXContainerItemProxy */;
		};
		4ABC6FDB2893882E00B7F447 /* PBXTargetDependency */ = {
			isa = PBXTargetDependency;
			target = 4ABC6FB82893882C00B7F447 /* TakeHome */;
			targetProxy = 4ABC6FDA2893882E00B7F447 /* PBXContainerItemProxy */;
		};
/* End PBXTargetDependency section */

/* Begin PBXVariantGroup section */
		4ABC6FC22893882C00B7F447 /* Main.storyboard */ = {
			isa = PBXVariantGroup;
			children = (
				4ABC6FC32893882C00B7F447 /* Base */,
			);
			name = Main.storyboard;
			sourceTree = "<group>";
		};
		4ABC6FC72893882E00B7F447 /* LaunchScreen.storyboard */ = {
			isa = PBXVariantGroup;
			children = (
				4ABC6FC82893882E00B7F447 /* Base */,
			);
			name = LaunchScreen.storyboard;
			sourceTree = "<group>";
		};
/* End PBXVariantGroup section */

/* Begin XCBuildConfiguration section */
		4ABC6FE12893882E00B7F447 /* Debug */ = {
			isa = XCBuildConfiguration;
			buildSettings = {
				ALWAYS_SEARCH_USER_PATHS = NO;
				CLANG_ANALYZER_NONNULL = YES;
				CLANG_ANALYZER_NUMBER_OBJECT_CONVERSION = YES_AGGRESSIVE;
				CLANG_CXX_LANGUAGE_STANDARD = "gnu++17";
				CLANG_ENABLE_MODULES = YES;
				CLANG_ENABLE_OBJC_ARC = YES;
				CLANG_ENABLE_OBJC_WEAK = YES;
				CLANG_WARN_BLOCK_CAPTURE_AUTORELEASING = YES;
				CLANG_WARN_BOOL_CONVERSION = YES;
				CLANG_WARN_COMMA = YES;
				CLANG_WARN_CONSTANT_CONVERSION = YES;
				CLANG_WARN_DEPRECATED_OBJC_IMPLEMENTATIONS = YES;
				CLANG_WARN_DIRECT_OBJC_ISA_USAGE = YES_ERROR;
				CLANG_WARN_DOCUMENTATION_COMMENTS = YES;
				CLANG_WARN_EMPTY_BODY = YES;
				CLANG_WARN_ENUM_CONVERSION = YES;
				CLANG_WARN_INFINITE_RECURSION = YES;
				CLANG_WARN_INT_CONVERSION = YES;
				CLANG_WARN_NON_LITERAL_NULL_CONVERSION = YES;
				CLANG_WARN_OBJC_IMPLICIT_RETAIN_SELF = YES;
				CLANG_WARN_OBJC_LITERAL_CONVERSION = YES;
				CLANG_WARN_OBJC_ROOT_CLASS = YES_ERROR;
				CLANG_WARN_QUOTED_INCLUDE_IN_FRAMEWORK_HEADER = YES;
				CLANG_WARN_RANGE_LOOP_ANALYSIS = YES;
				CLANG_WARN_STRICT_PROTOTYPES = YES;
				CLANG_WARN_SUSPICIOUS_MOVE = YES;
				CLANG_WARN_UNGUARDED_AVAILABILITY = YES_AGGRESSIVE;
				CLANG_WARN_UNREACHABLE_CODE = YES;
				CLANG_WARN__DUPLICATE_METHOD_MATCH = YES;
				COPY_PHASE_STRIP = NO;
				DEBUG_INFORMATION_FORMAT = dwarf;
				ENABLE_STRICT_OBJC_MSGSEND = YES;
				ENABLE_TESTABILITY = YES;
				GCC_C_LANGUAGE_STANDARD = gnu11;
				GCC_DYNAMIC_NO_PIC = NO;
				GCC_NO_COMMON_BLOCKS = YES;
				GCC_OPTIMIZATION_LEVEL = 0;
				GCC_PREPROCESSOR_DEFINITIONS = (
					"DEBUG=1",
					"$(inherited)",
				);
				GCC_WARN_64_TO_32_BIT_CONVERSION = YES;
				GCC_WARN_ABOUT_RETURN_TYPE = YES_ERROR;
				GCC_WARN_UNDECLARED_SELECTOR = YES;
				GCC_WARN_UNINITIALIZED_AUTOS = YES_AGGRESSIVE;
				GCC_WARN_UNUSED_FUNCTION = YES;
				GCC_WARN_UNUSED_VARIABLE = YES;
				IPHONEOS_DEPLOYMENT_TARGET = 15.5;
				MTL_ENABLE_DEBUG_INFO = INCLUDE_SOURCE;
				MTL_FAST_MATH = YES;
				ONLY_ACTIVE_ARCH = YES;
				SDKROOT = iphoneos;
				SWIFT_ACTIVE_COMPILATION_CONDITIONS = DEBUG;
				SWIFT_OPTIMIZATION_LEVEL = "-Onone";
			};
			name = Debug;
		};
		4ABC6FE22893882E00B7F447 /* Release */ = {
			isa = XCBuildConfiguration;
			buildSettings = {
				ALWAYS_SEARCH_USER_PATHS = NO;
				CLANG_ANALYZER_NONNULL = YES;
				CLANG_ANALYZER_NUMBER_OBJECT_CONVERSION = YES_AGGRESSIVE;
				CLANG_CXX_LANGUAGE_STANDARD = "gnu++17";
				CLANG_ENABLE_MODULES = YES;
				CLANG_ENABLE_OBJC_ARC = YES;
				CLANG_ENABLE_OBJC_WEAK = YES;
				CLANG_WARN_BLOCK_CAPTURE_AUTORELEASING = YES;
				CLANG_WARN_BOOL_CONVERSION = YES;
				CLANG_WARN_COMMA = YES;
				CLANG_WARN_CONSTANT_CONVERSION = YES;
				CLANG_WARN_DEPRECATED_OBJC_IMPLEMENTATIONS = YES;
				CLANG_WARN_DIRECT_OBJC_ISA_USAGE = YES_ERROR;
				CLANG_WARN_DOCUMENTATION_COMMENTS = YES;
				CLANG_WARN_EMPTY_BODY = YES;
				CLANG_WARN_ENUM_CONVERSION = YES;
				CLANG_WARN_INFINITE_RECURSION = YES;
				CLANG_WARN_INT_CONVERSION = YES;
				CLANG_WARN_NON_LITERAL_NULL_CONVERSION = YES;
				CLANG_WARN_OBJC_IMPLICIT_RETAIN_SELF = YES;
				CLANG_WARN_OBJC_LITERAL_CONVERSION = YES;
				CLANG_WARN_OBJC_ROOT_CLASS = YES_ERROR;
				CLANG_WARN_QUOTED_INCLUDE_IN_FRAMEWORK_HEADER = YES;
				CLANG_WARN_RANGE_LOOP_ANALYSIS = YES;
				CLANG_WARN_STRICT_PROTOTYPES = YES;
				CLANG_WARN_SUSPICIOUS_MOVE = YES;
				CLANG_WARN_UNGUARDED_AVAILABILITY = YES_AGGRESSIVE;
				CLANG_WARN_UNREACHABLE_CODE = YES;
				CLANG_WARN__DUPLICATE_METHOD_MATCH = YES;
				COPY_PHASE_STRIP = NO;
				DEBUG_INFORMATION_FORMAT = "dwarf-with-dsym";
				ENABLE_NS_ASSERTIONS = NO;
				ENABLE_STRICT_OBJC_MSGSEND = YES;
				GCC_C_LANGUAGE_STANDARD = gnu11;
				GCC_NO_COMMON_BLOCKS = YES;
				GCC_WARN_64_TO_32_BIT_CONVERSION = YES;
				GCC_WARN_ABOUT_RETURN_TYPE = YES_ERROR;
				GCC_WARN_UNDECLARED_SELECTOR = YES;
				GCC_WARN_UNINITIALIZED_AUTOS = YES_AGGRESSIVE;
				GCC_WARN_UNUSED_FUNCTION = YES;
				GCC_WARN_UNUSED_VARIABLE = YES;
				IPHONEOS_DEPLOYMENT_TARGET = 15.5;
				MTL_ENABLE_DEBUG_INFO = NO;
				MTL_FAST_MATH = YES;
				SDKROOT = iphoneos;
				SWIFT_COMPILATION_MODE = wholemodule;
				SWIFT_OPTIMIZATION_LEVEL = "-O";
				VALIDATE_PRODUCT = YES;
			};
			name = Release;
		};
		4ABC6FE42893882E00B7F447 /* Debug */ = {
			isa = XCBuildConfiguration;
			baseConfigurationReference = AF2D8BAAF6ADDBFEB88BFA57 /* Pods-TakeHome.debug.xcconfig */;
			buildSettings = {
				ASSETCATALOG_COMPILER_APPICON_NAME = AppIcon;
				ASSETCATALOG_COMPILER_GLOBAL_ACCENT_COLOR_NAME = AccentColor;
				CODE_SIGN_IDENTITY = "Apple Development";
				CODE_SIGN_STYLE = Automatic;
				CURRENT_PROJECT_VERSION = 1;
				DEVELOPMENT_TEAM = "";
				GENERATE_INFOPLIST_FILE = YES;
				INFOPLIST_FILE = TakeHome/Info.plist;
				INFOPLIST_KEY_NSMainNibFile = Main;
				INFOPLIST_KEY_UIApplicationSupportsIndirectInputEvents = YES;
				INFOPLIST_KEY_UILaunchStoryboardName = LaunchScreen;
				INFOPLIST_KEY_UISupportedInterfaceOrientations = UIInterfaceOrientationPortrait;
				INFOPLIST_KEY_UISupportedInterfaceOrientations_iPad = "UIInterfaceOrientationPortrait UIInterfaceOrientationPortraitUpsideDown UIInterfaceOrientationLandscapeLeft UIInterfaceOrientationLandscapeRight";
				INFOPLIST_KEY_UISupportedInterfaceOrientations_iPhone = "UIInterfaceOrientationPortrait UIInterfaceOrientationLandscapeLeft UIInterfaceOrientationLandscapeRight";
				IPHONEOS_DEPLOYMENT_TARGET = 10.0;
				LD_RUNPATH_SEARCH_PATHS = (
					"$(inherited)",
					"@executable_path/Frameworks",
				);
				MARKETING_VERSION = 1.0;
				PRODUCT_BUNDLE_IDENTIFIER = com.bareksa.techinaltest.TakeHome;
				PRODUCT_NAME = "$(TARGET_NAME)";
				PROVISIONING_PROFILE_SPECIFIER = "";
				SWIFT_EMIT_LOC_STRINGS = YES;
				SWIFT_VERSION = 5.0;
				TARGETED_DEVICE_FAMILY = "1,2";
			};
			name = Debug;
		};
		4ABC6FE52893882E00B7F447 /* Release */ = {
			isa = XCBuildConfiguration;
			baseConfigurationReference = 72ED503DE9333462CCCA7B7D /* Pods-TakeHome.release.xcconfig */;
			buildSettings = {
				ASSETCATALOG_COMPILER_APPICON_NAME = AppIcon;
				ASSETCATALOG_COMPILER_GLOBAL_ACCENT_COLOR_NAME = AccentColor;
				CODE_SIGN_IDENTITY = "Apple Development";
				CODE_SIGN_STYLE = Automatic;
				CURRENT_PROJECT_VERSION = 1;
				DEVELOPMENT_TEAM = "";
				GENERATE_INFOPLIST_FILE = YES;
				INFOPLIST_FILE = TakeHome/Info.plist;
				INFOPLIST_KEY_NSMainNibFile = Main;
				INFOPLIST_KEY_UIApplicationSupportsIndirectInputEvents = YES;
				INFOPLIST_KEY_UILaunchStoryboardName = LaunchScreen;
				INFOPLIST_KEY_UISupportedInterfaceOrientations = UIInterfaceOrientationPortrait;
				INFOPLIST_KEY_UISupportedInterfaceOrientations_iPad = "UIInterfaceOrientationPortrait UIInterfaceOrientationPortraitUpsideDown UIInterfaceOrientationLandscapeLeft UIInterfaceOrientationLandscapeRight";
				INFOPLIST_KEY_UISupportedInterfaceOrientations_iPhone = "UIInterfaceOrientationPortrait UIInterfaceOrientationLandscapeLeft UIInterfaceOrientationLandscapeRight";
				IPHONEOS_DEPLOYMENT_TARGET = 10.0;
				LD_RUNPATH_SEARCH_PATHS = (
					"$(inherited)",
					"@executable_path/Frameworks",
				);
				MARKETING_VERSION = 1.0;
				PRODUCT_BUNDLE_IDENTIFIER = com.bareksa.techinaltest.TakeHome;
				PRODUCT_NAME = "$(TARGET_NAME)";
				PROVISIONING_PROFILE_SPECIFIER = "";
				SWIFT_EMIT_LOC_STRINGS = YES;
				SWIFT_VERSION = 5.0;
				TARGETED_DEVICE_FAMILY = "1,2";
			};
			name = Release;
		};
		4ABC6FE72893882E00B7F447 /* Debug */ = {
			isa = XCBuildConfiguration;
			baseConfigurationReference = D5FB765869948C38FD513C24 /* Pods-TakeHomeTests.debug.xcconfig */;
			buildSettings = {
				ALWAYS_EMBED_SWIFT_STANDARD_LIBRARIES = YES;
				BUNDLE_LOADER = "$(TEST_HOST)";
				CODE_SIGN_STYLE = Automatic;
				CURRENT_PROJECT_VERSION = 1;
				GENERATE_INFOPLIST_FILE = YES;
				IPHONEOS_DEPLOYMENT_TARGET = 15.5;
				MARKETING_VERSION = 1.0;
				PRODUCT_BUNDLE_IDENTIFIER = com.bareksa.techinaltest.TakeHomeTests;
				PRODUCT_NAME = "$(TARGET_NAME)";
				SWIFT_EMIT_LOC_STRINGS = NO;
				SWIFT_VERSION = 5.0;
				TARGETED_DEVICE_FAMILY = "1,2";
				TEST_HOST = "$(BUILT_PRODUCTS_DIR)/TakeHome.app/TakeHome";
			};
			name = Debug;
		};
		4ABC6FE82893882E00B7F447 /* Release */ = {
			isa = XCBuildConfiguration;
			baseConfigurationReference = 4BE39258AE87FD2696A1F3EB /* Pods-TakeHomeTests.release.xcconfig */;
			buildSettings = {
				ALWAYS_EMBED_SWIFT_STANDARD_LIBRARIES = YES;
				BUNDLE_LOADER = "$(TEST_HOST)";
				CODE_SIGN_STYLE = Automatic;
				CURRENT_PROJECT_VERSION = 1;
				GENERATE_INFOPLIST_FILE = YES;
				IPHONEOS_DEPLOYMENT_TARGET = 15.5;
				MARKETING_VERSION = 1.0;
				PRODUCT_BUNDLE_IDENTIFIER = com.bareksa.techinaltest.TakeHomeTests;
				PRODUCT_NAME = "$(TARGET_NAME)";
				SWIFT_EMIT_LOC_STRINGS = NO;
				SWIFT_VERSION = 5.0;
				TARGETED_DEVICE_FAMILY = "1,2";
				TEST_HOST = "$(BUILT_PRODUCTS_DIR)/TakeHome.app/TakeHome";
			};
			name = Release;
		};
		4ABC6FEA2893882E00B7F447 /* Debug */ = {
			isa = XCBuildConfiguration;
			baseConfigurationReference = 4264099714D4D76CBB263FD6 /* Pods-TakeHome-TakeHomeUITests.debug.xcconfig */;
			buildSettings = {
				ALWAYS_EMBED_SWIFT_STANDARD_LIBRARIES = YES;
				CODE_SIGN_STYLE = Automatic;
				CURRENT_PROJECT_VERSION = 1;
				GENERATE_INFOPLIST_FILE = YES;
				MARKETING_VERSION = 1.0;
				PRODUCT_BUNDLE_IDENTIFIER = com.bareksa.techinaltest.TakeHomeUITests;
				PRODUCT_NAME = "$(TARGET_NAME)";
				SWIFT_EMIT_LOC_STRINGS = NO;
				SWIFT_VERSION = 5.0;
				TARGETED_DEVICE_FAMILY = "1,2";
				TEST_TARGET_NAME = TakeHome;
			};
			name = Debug;
		};
		4ABC6FEB2893882E00B7F447 /* Release */ = {
			isa = XCBuildConfiguration;
			baseConfigurationReference = 9CBBF7585BED8994629B6AE4 /* Pods-TakeHome-TakeHomeUITests.release.xcconfig */;
			buildSettings = {
				ALWAYS_EMBED_SWIFT_STANDARD_LIBRARIES = YES;
				CODE_SIGN_STYLE = Automatic;
				CURRENT_PROJECT_VERSION = 1;
				GENERATE_INFOPLIST_FILE = YES;
				MARKETING_VERSION = 1.0;
				PRODUCT_BUNDLE_IDENTIFIER = com.bareksa.techinaltest.TakeHomeUITests;
				PRODUCT_NAME = "$(TARGET_NAME)";
				SWIFT_EMIT_LOC_STRINGS = NO;
				SWIFT_VERSION = 5.0;
				TARGETED_DEVICE_FAMILY = "1,2";
				TEST_TARGET_NAME = TakeHome;
			};
			name = Release;
		};
/* End XCBuildConfiguration section */

/* Begin XCConfigurationList section */
		4ABC6FB42893882C00B7F447 /* Build configuration list for PBXProject "TakeHome" */ = {
			isa = XCConfigurationList;
			buildConfigurations = (
				4ABC6FE12893882E00B7F447 /* Debug */,
				4ABC6FE22893882E00B7F447 /* Release */,
			);
			defaultConfigurationIsVisible = 0;
			defaultConfigurationName = Release;
		};
		4ABC6FE32893882E00B7F447 /* Build configuration list for PBXNativeTarget "TakeHome" */ = {
			isa = XCConfigurationList;
			buildConfigurations = (
				4ABC6FE42893882E00B7F447 /* Debug */,
				4ABC6FE52893882E00B7F447 /* Release */,
			);
			defaultConfigurationIsVisible = 0;
			defaultConfigurationName = Release;
		};
		4ABC6FE62893882E00B7F447 /* Build configuration list for PBXNativeTarget "TakeHomeTests" */ = {
			isa = XCConfigurationList;
			buildConfigurations = (
				4ABC6FE72893882E00B7F447 /* Debug */,
				4ABC6FE82893882E00B7F447 /* Release */,
			);
			defaultConfigurationIsVisible = 0;
			defaultConfigurationName = Release;
		};
		4ABC6FE92893882E00B7F447 /* Build configuration list for PBXNativeTarget "TakeHomeUITests" */ = {
			isa = XCConfigurationList;
			buildConfigurations = (
				4ABC6FEA2893882E00B7F447 /* Debug */,
				4ABC6FEB2893882E00B7F447 /* Release */,
			);
			defaultConfigurationIsVisible = 0;
			defaultConfigurationName = Release;
		};
/* End XCConfigurationList section */
	};
	rootObject = 4ABC6FB12893882C00B7F447 /* Project object */;
}
